
Microsoft Visual Studio Solution File, Format Version 12.00
# Visual Studio 2015
Project("{FAE04EC0-301F-11D3-BF4B-00C04F79EFBC}") = "UI.2 - Network", "UI.2 - Network.csproj", "{62967D59-DAEA-9914-8C2F-4D51E764E96B}"
EndProject
Global
	GlobalSection(SolutionConfigurationPlatforms) = preSolution
		Debug|Any CPU = Debug|Any CPU
		Release|Any CPU = Release|Any CPU
	EndGlobalSection
	GlobalSection(ProjectConfigurationPlatforms) = postSolution
		{62967D59-DAEA-9914-8C2F-4D51E764E96B}.Debug|Any CPU.ActiveCfg = Debug|Any CPU
		{62967D59-DAEA-9914-8C2F-4D51E764E96B}.Debug|Any CPU.Build.0 = Debug|Any CPU
		{62967D59-DAEA-9914-8C2F-4D51E764E96B}.Release|Any CPU.ActiveCfg = Release|Any CPU
		{62967D59-DAEA-9914-8C2F-4D51E764E96B}.Release|Any CPU.Build.0 = Release|Any CPU
	EndGlobalSection
	GlobalSection(SolutionProperties) = preSolution
		HideSolutionNode = FALSE
	EndGlobalSection
EndGlobal
